
Microsoft Visual Studio Solution File, Format Version 12.00
# Visual Studio Version 17
VisualStudioVersion = 17.0.31903.59
MinimumVisualStudioVersion = 10.0.40219.1
Project("{FAE04EC0-301F-11D3-BF4B-00C04F79EFBC}") = "AM_test_webapp", "AM_test_webapp\AM_test_webapp.csproj", "{AF137E77-B577-44DE-9087-2DEF34C8EF1C}"
EndProject
Global
	GlobalSection(SolutionConfigurationPlatforms) = preSolution
		Debug|Any CPU = Debug|Any CPU
		Release|Any CPU = Release|Any CPU
	EndGlobalSection
	GlobalSection(ProjectConfigurationPlatforms) = postSolution
		{AF137E77-B577-44DE-9087-2DEF34C8EF1C}.Debug|Any CPU.ActiveCfg = Debug|Any CPU
		{AF137E77-B577-44DE-9087-2DEF34C8EF1C}.Debug|Any CPU.Build.0 = Debug|Any CPU
		{AF137E77-B577-44DE-9087-2DEF34C8EF1C}.Release|Any CPU.ActiveCfg = Release|Any CPU
		{AF137E77-B577-44DE-9087-2DEF34C8EF1C}.Release|Any CPU.Build.0 = Release|Any CPU
	EndGlobalSection
	GlobalSection(SolutionProperties) = preSolution
		HideSolutionNode = FALSE
	EndGlobalSection
	GlobalSection(ExtensibilityGlobals) = postSolution
		SolutionGuid = {E68079B2-F4CB-48F1-AF01-6C772DAA5FDE}
	EndGlobalSection
EndGlobal
